{
  "name": "trtc-usersig",
  "lockfileVersion": 2,
  "requires": true,
  "packages": {
    "": {
      "dependencies": {
        "moment": "^2.29.1",
        "tls-sig-api-v2": "^1.0.1"
      }
    },
    "node_modules/moment": {
      "version": "2.29.1",
      "resolved": "https://registry.npmjs.org/moment/-/moment-2.29.1.tgz",
      "integrity": "sha512-kHmoybcPV8Sqy59DwNDY3Jefr64lK/by/da0ViFcuA4DH0vQg5Q6Ze5VimxkfQNSC+Mls/Kx53s7TjP1RhFEDQ==",
      "engines": {
        "node": "*"
      }
    },
    "node_modules/tls-sig-api-v2": {
      "version": "1.0.1",
      "resolved": "https://registry.npmjs.org/tls-sig-api-v2/-/tls-sig-api-v2-1.0.1.tgz",
      "integrity": "sha512-k1YvxnsF1SdbVahqIiYqD9VMs87tSp8a8g/xlZLWmgUczM868AeLy3qgqmJFiWsScFl0YBPDFzc6Hd8RwE3aqQ=="
    }
  },
  "dependencies": {
    "moment": {
      "version": "2.29.1",
      "resolved": "https://registry.npmjs.org/moment/-/moment-2.29.1.tgz",
      "integrity": "sha512-kHmoybcPV8Sqy59DwNDY3Jefr64lK/by/da0ViFcuA4DH0vQg5Q6Ze5VimxkfQNSC+Mls/Kx53s7TjP1RhFEDQ=="
    },
    "tls-sig-api-v2": {
      "version": "1.0.1",
      "resolved": "https://registry.npmjs.org/tls-sig-api-v2/-/tls-sig-api-v2-1.0.1.tgz",
      "integrity": "sha512-k1YvxnsF1SdbVahqIiYqD9VMs87tSp8a8g/xlZLWmgUczM868AeLy3qgqmJFiWsScFl0YBPDFzc6Hd8RwE3aqQ=="
    }
  }
}
